
Microsoft Visual Studio Solution File, Format Version 12.00
# Visual Studio Version 16
VisualStudioVersion = 16.0.29230.47
MinimumVisualStudioVersion = 10.0.40219.1
Project("{FAE04EC0-301F-11D3-BF4B-00C04F79EFBC}") = "HangMan Dudi", "HangMan Dudi.csproj", "{11FEEFD5-8FF4-4950-B399-EDD1604C805A}"
EndProject
Global
	GlobalSection(SolutionConfigurationPlatforms) = preSolution
		Debug|Any CPU = Debug|Any CPU
		Release|Any CPU = Release|Any CPU
	EndGlobalSection
	GlobalSection(ProjectConfigurationPlatforms) = postSolution
		{11FEEFD5-8FF4-4950-B399-EDD1604C805A}.Debug|Any CPU.ActiveCfg = Debug|Any CPU
		{11FEEFD5-8FF4-4950-B399-EDD1604C805A}.Debug|Any CPU.Build.0 = Debug|Any CPU
		{11FEEFD5-8FF4-4950-B399-EDD1604C805A}.Release|Any CPU.ActiveCfg = Release|Any CPU
		{11FEEFD5-8FF4-4950-B399-EDD1604C805A}.Release|Any CPU.Build.0 = Release|Any CPU
	EndGlobalSection
	GlobalSection(SolutionProperties) = preSolution
		HideSolutionNode = FALSE
	EndGlobalSection
	GlobalSection(ExtensibilityGlobals) = postSolution
		SolutionGuid = {DDE514F8-EE0C-4CBD-8677-A7FA2459D4A7}
	EndGlobalSection
EndGlobal
